
Microsoft Visual Studio Solution File, Format Version 12.00
# Visual Studio 15
VisualStudioVersion = 15.0.27130.2036
MinimumVisualStudioVersion = 10.0.40219.1
Project("{8BC9CEB8-8B4A-11D0-8D11-00A0C91BC942}") = "Project1", "Project1\Project1.vcxproj", "{45534807-8A56-4FEA-95A1-E1A1B42BA6F5}"
EndProject
Global
	GlobalSection(SolutionConfigurationPlatforms) = preSolution
		Debug|x64 = Debug|x64
		Debug|x86 = Debug|x86
		Release|x64 = Release|x64
		Release|x86 = Release|x86
	EndGlobalSection
	GlobalSection(ProjectConfigurationPlatforms) = postSolution
		{45534807-8A56-4FEA-95A1-E1A1B42BA6F5}.Debug|x64.ActiveCfg = Debug|x64
		{45534807-8A56-4FEA-95A1-E1A1B42BA6F5}.Debug|x64.Build.0 = Debug|x64
		{45534807-8A56-4FEA-95A1-E1A1B42BA6F5}.Debug|x86.ActiveCfg = Debug|Win32
		{45534807-8A56-4FEA-95A1-E1A1B42BA6F5}.Debug|x86.Build.0 = Debug|Win32
		{45534807-8A56-4FEA-95A1-E1A1B42BA6F5}.Release|x64.ActiveCfg = Release|x64
		{45534807-8A56-4FEA-95A1-E1A1B42BA6F5}.Release|x64.Build.0 = Release|x64
		{45534807-8A56-4FEA-95A1-E1A1B42BA6F5}.Release|x86.ActiveCfg = Release|Win32
		{45534807-8A56-4FEA-95A1-E1A1B42BA6F5}.Release|x86.Build.0 = Release|Win32
	EndGlobalSection
	GlobalSection(SolutionProperties) = preSolution
		HideSolutionNode = FALSE
	EndGlobalSection
	GlobalSection(ExtensibilityGlobals) = postSolution
		SolutionGuid = {517EDC29-6718-412F-9DFC-C9B2CE0A3F98}
	EndGlobalSection
EndGlobal
